
Microsoft Visual Studio Solution File, Format Version 12.00
# Visual Studio 15
VisualStudioVersion = 15.0.28010.2019
MinimumVisualStudioVersion = 10.0.40219.1
Project("{8BC9CEB8-8B4A-11D0-8D11-00A0C91BC942}") = "Project5", "Project5\Project5.vcxproj", "{CCA36E03-AA00-4B5B-9A51-E58E1AE4D38A}"
EndProject
Global
	GlobalSection(SolutionConfigurationPlatforms) = preSolution
		Debug|x64 = Debug|x64
		Debug|x86 = Debug|x86
		Release|x64 = Release|x64
		Release|x86 = Release|x86
	EndGlobalSection
	GlobalSection(ProjectConfigurationPlatforms) = postSolution
		{CCA36E03-AA00-4B5B-9A51-E58E1AE4D38A}.Debug|x64.ActiveCfg = Debug|x64
		{CCA36E03-AA00-4B5B-9A51-E58E1AE4D38A}.Debug|x64.Build.0 = Debug|x64
		{CCA36E03-AA00-4B5B-9A51-E58E1AE4D38A}.Debug|x86.ActiveCfg = Debug|Win32
		{CCA36E03-AA00-4B5B-9A51-E58E1AE4D38A}.Debug|x86.Build.0 = Debug|Win32
		{CCA36E03-AA00-4B5B-9A51-E58E1AE4D38A}.Release|x64.ActiveCfg = Release|x64
		{CCA36E03-AA00-4B5B-9A51-E58E1AE4D38A}.Release|x64.Build.0 = Release|x64
		{CCA36E03-AA00-4B5B-9A51-E58E1AE4D38A}.Release|x86.ActiveCfg = Release|Win32
		{CCA36E03-AA00-4B5B-9A51-E58E1AE4D38A}.Release|x86.Build.0 = Release|Win32
	EndGlobalSection
	GlobalSection(SolutionProperties) = preSolution
		HideSolutionNode = FALSE
	EndGlobalSection
	GlobalSection(ExtensibilityGlobals) = postSolution
		SolutionGuid = {601D0A7C-8D81-4B8E-A8F1-28BBC83F04CD}
	EndGlobalSection
EndGlobal
